
Microsoft Visual Studio Solution File, Format Version 12.00
# Visual Studio Version 17
VisualStudioVersion = 17.3.32929.385
MinimumVisualStudioVersion = 10.0.40219.1
Project("{9A19103F-16F7-4668-BE54-9A1E7A4F7556}") = "sortMethods", "sortMethods\sortMethods.csproj", "{3D4CA6BC-5B31-46D0-936E-404B168EA007}"
EndProject
Project("{9A19103F-16F7-4668-BE54-9A1E7A4F7556}") = "forms", "forms\forms.csproj", "{6956B6DD-4106-4F35-8905-958AC3F4E656}"
EndProject
Project("{9A19103F-16F7-4668-BE54-9A1E7A4F7556}") = "ConsoleTest", "ConsoleTest\ConsoleTest.csproj", "{787FACE2-6049-4CAC-9495-B65CD03AB73A}"
EndProject
Project("{9A19103F-16F7-4668-BE54-9A1E7A4F7556}") = "TSortLib", "TSort\ClassLib\TSortLib.csproj", "{CEC35C29-E44B-4B5C-8DDC-F97412CA608D}"
EndProject
Project("{9A19103F-16F7-4668-BE54-9A1E7A4F7556}") = "TSortGraph", "TSort\Interface\TSortGraph.csproj", "{7AC57F75-A0BA-4C4B-A94A-157416E53EBE}"
EndProject
Project("{9A19103F-16F7-4668-BE54-9A1E7A4F7556}") = "WinFormsApp1", "TSort\WinFormsApp1\WinFormsApp1.csproj", "{FE60596B-539A-4384-B1B9-7E46C6A4C988}"
EndProject
Project("{2150E333-8FDC-42A3-9474-1A3956D46DE8}") = "ArraySortM", "ArraySortM", "{7C65EDF0-5D22-4C98-A2D9-F27CF364E88F}"
EndProject
Project("{2150E333-8FDC-42A3-9474-1A3956D46DE8}") = "TSortM", "TSortM", "{6EEAA1EC-3261-4F7B-8E68-8B17D990EFCB}"
EndProject
Project("{9A19103F-16F7-4668-BE54-9A1E7A4F7556}") = "blankSolution", "blankSolution\blankSolution.csproj", "{55270788-8DD6-426C-9363-21D1C7B09F93}"
EndProject
Project("{2150E333-8FDC-42A3-9474-1A3956D46DE8}") = "StringSortM", "StringSortM", "{AF0286D5-CCC9-4912-88CA-AC94039836C1}"
EndProject
Project("{9A19103F-16F7-4668-BE54-9A1E7A4F7556}") = "ClassLib", "StringSort\ClassLib\ClassLib.csproj", "{83D5A9D4-33D9-484F-9A45-C7AFA76C598B}"
EndProject
Project("{9A19103F-16F7-4668-BE54-9A1E7A4F7556}") = "Interface", "StringSort\Interface\Interface.csproj", "{A613DC5C-7EC1-4FC5-B19C-148F2860CDFE}"
EndProject
Project("{9A19103F-16F7-4668-BE54-9A1E7A4F7556}") = "ParralelSort", "StringSort\PSortModule\ParralelSort.csproj", "{1948EAA0-B5F5-4782-A991-41C62C72886E}"
EndProject
Project("{9A19103F-16F7-4668-BE54-9A1E7A4F7556}") = "WinFormsApp1", "StringSort\WinFormsApp1\WinFormsApp1.csproj", "{97599F59-63A3-4504-A744-9F4DCAFA4F74}"
EndProject
Project("{9A19103F-16F7-4668-BE54-9A1E7A4F7556}") = "StringSort", "StringSort\StringSort\StringSort.csproj", "{94E510C0-62EB-4897-8B84-F7E8629738D4}"
EndProject
Project("{2150E333-8FDC-42A3-9474-1A3956D46DE8}") = "ParralelSortM", "ParralelSortM", "{6C84D824-6A1E-4AD1-8200-A4AF650AD1AA}"
EndProject
Project("{9A19103F-16F7-4668-BE54-9A1E7A4F7556}") = "ParralelSortMainForm", "..\..\ParralelSort\Project\ParralelSortMainForm.csproj", "{32D09A9A-1520-438D-A1BA-045C26061183}"
EndProject
Project("{9A19103F-16F7-4668-BE54-9A1E7A4F7556}") = "ParralelSort", "..\..\ParralelSort\Floyd\ParralelSort.csproj", "{3335AF7F-D1B8-4BBF-9B03-30BE2842B236}"
EndProject
Project("{FAE04EC0-301F-11D3-BF4B-00C04F79EFBC}") = "InfoForm", "..\..\ParralelSort\InfoForm\InfoForm.csproj", "{165E2700-005E-47D8-8254-93227B6F9E1A}"
EndProject
Project("{FAE04EC0-301F-11D3-BF4B-00C04F79EFBC}") = "ManualInput", "..\..\ParralelSort\ManualInput\ManualInput.csproj", "{33B65FBB-ED00-4B86-9953-4825276732F4}"
EndProject
Project("{FAE04EC0-301F-11D3-BF4B-00C04F79EFBC}") = "ManualInputForm", "..\..\ParralelSort\ManualInputForm\ManualInputForm.csproj", "{086B8D2F-5AB5-45D2-994A-8E6225347320}"
EndProject
Project("{9A19103F-16F7-4668-BE54-9A1E7A4F7556}") = "StringSort", "..\..\ParralelSort\StringSort\StringSort.csproj", "{2B626196-C77E-4449-8CCB-5222EA098DF8}"
EndProject
Project("{FAE04EC0-301F-11D3-BF4B-00C04F79EFBC}") = "TextResForm", "..\..\ParralelSort\TextResForm\TextResForm.csproj", "{A05AC599-4859-4CAC-AEB6-E6A107C2FD26}"
EndProject
Project("{2150E333-8FDC-42A3-9474-1A3956D46DE8}") = "FourElementsSort", "FourElementsSort", "{815CFB82-7F7C-4018-909F-357BCF337005}"
EndProject
Project("{FAE04EC0-301F-11D3-BF4B-00C04F79EFBC}") = "FourElemsSort", "FourElemsSort\FourElemsSort.csproj", "{EE21E5E6-CC13-4CE8-A31E-1B0FAC3BD649}"
EndProject
Project("{FAE04EC0-301F-11D3-BF4B-00C04F79EFBC}") = "InterfaceFourElems", "InterfaceFourElems\InterfaceFourElems.csproj", "{0765515E-D6EF-4EF8-8B6D-CA3DAAA7BB19}"
EndProject
Project("{FAE04EC0-301F-11D3-BF4B-00C04F79EFBC}") = "Tes", "Tes\Tes.csproj", "{6BEF5686-E507-41DF-8391-03DCB585B732}"
EndProject
Project("{FAE04EC0-301F-11D3-BF4B-00C04F79EFBC}") = "ResF", "ResF\ResF.csproj", "{A014E969-C61F-477A-B958-5137290A41F4}"
EndProject
Global
	GlobalSection(SolutionConfigurationPlatforms) = preSolution
		Debug|Any CPU = Debug|Any CPU
		Release|Any CPU = Release|Any CPU
	EndGlobalSection
	GlobalSection(ProjectConfigurationPlatforms) = postSolution
		{3D4CA6BC-5B31-46D0-936E-404B168EA007}.Debug|Any CPU.ActiveCfg = Debug|Any CPU
		{3D4CA6BC-5B31-46D0-936E-404B168EA007}.Debug|Any CPU.Build.0 = Debug|Any CPU
		{3D4CA6BC-5B31-46D0-936E-404B168EA007}.Release|Any CPU.ActiveCfg = Release|Any CPU
		{3D4CA6BC-5B31-46D0-936E-404B168EA007}.Release|Any CPU.Build.0 = Release|Any CPU
		{6956B6DD-4106-4F35-8905-958AC3F4E656}.Debug|Any CPU.ActiveCfg = Debug|Any CPU
		{6956B6DD-4106-4F35-8905-958AC3F4E656}.Debug|Any CPU.Build.0 = Debug|Any CPU
		{6956B6DD-4106-4F35-8905-958AC3F4E656}.Release|Any CPU.ActiveCfg = Release|Any CPU
		{6956B6DD-4106-4F35-8905-958AC3F4E656}.Release|Any CPU.Build.0 = Release|Any CPU
		{787FACE2-6049-4CAC-9495-B65CD03AB73A}.Debug|Any CPU.ActiveCfg = Debug|Any CPU
		{787FACE2-6049-4CAC-9495-B65CD03AB73A}.Debug|Any CPU.Build.0 = Debug|Any CPU
		{787FACE2-6049-4CAC-9495-B65CD03AB73A}.Release|Any CPU.ActiveCfg = Release|Any CPU
		{787FACE2-6049-4CAC-9495-B65CD03AB73A}.Release|Any CPU.Build.0 = Release|Any CPU
		{CEC35C29-E44B-4B5C-8DDC-F97412CA608D}.Debug|Any CPU.ActiveCfg = Debug|Any CPU
		{CEC35C29-E44B-4B5C-8DDC-F97412CA608D}.Debug|Any CPU.Build.0 = Debug|Any CPU
		{CEC35C29-E44B-4B5C-8DDC-F97412CA608D}.Release|Any CPU.ActiveCfg = Release|Any CPU
		{CEC35C29-E44B-4B5C-8DDC-F97412CA608D}.Release|Any CPU.Build.0 = Release|Any CPU
		{7AC57F75-A0BA-4C4B-A94A-157416E53EBE}.Debug|Any CPU.ActiveCfg = Debug|Any CPU
		{7AC57F75-A0BA-4C4B-A94A-157416E53EBE}.Debug|Any CPU.Build.0 = Debug|Any CPU
		{7AC57F75-A0BA-4C4B-A94A-157416E53EBE}.Release|Any CPU.ActiveCfg = Release|Any CPU
		{7AC57F75-A0BA-4C4B-A94A-157416E53EBE}.Release|Any CPU.Build.0 = Release|Any CPU
		{FE60596B-539A-4384-B1B9-7E46C6A4C988}.Debug|Any CPU.ActiveCfg = Debug|Any CPU
		{FE60596B-539A-4384-B1B9-7E46C6A4C988}.Debug|Any CPU.Build.0 = Debug|Any CPU
		{FE60596B-539A-4384-B1B9-7E46C6A4C988}.Release|Any CPU.ActiveCfg = Release|Any CPU
		{FE60596B-539A-4384-B1B9-7E46C6A4C988}.Release|Any CPU.Build.0 = Release|Any CPU
		{55270788-8DD6-426C-9363-21D1C7B09F93}.Debug|Any CPU.ActiveCfg = Debug|Any CPU
		{55270788-8DD6-426C-9363-21D1C7B09F93}.Debug|Any CPU.Build.0 = Debug|Any CPU
		{55270788-8DD6-426C-9363-21D1C7B09F93}.Release|Any CPU.ActiveCfg = Release|Any CPU
		{55270788-8DD6-426C-9363-21D1C7B09F93}.Release|Any CPU.Build.0 = Release|Any CPU
		{83D5A9D4-33D9-484F-9A45-C7AFA76C598B}.Debug|Any CPU.ActiveCfg = Debug|Any CPU
		{83D5A9D4-33D9-484F-9A45-C7AFA76C598B}.Debug|Any CPU.Build.0 = Debug|Any CPU
		{83D5A9D4-33D9-484F-9A45-C7AFA76C598B}.Release|Any CPU.ActiveCfg = Release|Any CPU
		{83D5A9D4-33D9-484F-9A45-C7AFA76C598B}.Release|Any CPU.Build.0 = Release|Any CPU
		{A613DC5C-7EC1-4FC5-B19C-148F2860CDFE}.Debug|Any CPU.ActiveCfg = Debug|Any CPU
		{A613DC5C-7EC1-4FC5-B19C-148F2860CDFE}.Debug|Any CPU.Build.0 = Debug|Any CPU
		{A613DC5C-7EC1-4FC5-B19C-148F2860CDFE}.Release|Any CPU.ActiveCfg = Release|Any CPU
		{A613DC5C-7EC1-4FC5-B19C-148F2860CDFE}.Release|Any CPU.Build.0 = Release|Any CPU
		{1948EAA0-B5F5-4782-A991-41C62C72886E}.Debug|Any CPU.ActiveCfg = Debug|Any CPU
		{1948EAA0-B5F5-4782-A991-41C62C72886E}.Debug|Any CPU.Build.0 = Debug|Any CPU
		{1948EAA0-B5F5-4782-A991-41C62C72886E}.Release|Any CPU.ActiveCfg = Release|Any CPU
		{1948EAA0-B5F5-4782-A991-41C62C72886E}.Release|Any CPU.Build.0 = Release|Any CPU
		{97599F59-63A3-4504-A744-9F4DCAFA4F74}.Debug|Any CPU.ActiveCfg = Debug|Any CPU
		{97599F59-63A3-4504-A744-9F4DCAFA4F74}.Debug|Any CPU.Build.0 = Debug|Any CPU
		{97599F59-63A3-4504-A744-9F4DCAFA4F74}.Release|Any CPU.ActiveCfg = Release|Any CPU
		{97599F59-63A3-4504-A744-9F4DCAFA4F74}.Release|Any CPU.Build.0 = Release|Any CPU
		{94E510C0-62EB-4897-8B84-F7E8629738D4}.Debug|Any CPU.ActiveCfg = Debug|Any CPU
		{94E510C0-62EB-4897-8B84-F7E8629738D4}.Debug|Any CPU.Build.0 = Debug|Any CPU
		{94E510C0-62EB-4897-8B84-F7E8629738D4}.Release|Any CPU.ActiveCfg = Release|Any CPU
		{94E510C0-62EB-4897-8B84-F7E8629738D4}.Release|Any CPU.Build.0 = Release|Any CPU
		{32D09A9A-1520-438D-A1BA-045C26061183}.Debug|Any CPU.ActiveCfg = Debug|Any CPU
		{32D09A9A-1520-438D-A1BA-045C26061183}.Debug|Any CPU.Build.0 = Debug|Any CPU
		{32D09A9A-1520-438D-A1BA-045C26061183}.Release|Any CPU.ActiveCfg = Release|Any CPU
		{32D09A9A-1520-438D-A1BA-045C26061183}.Release|Any CPU.Build.0 = Release|Any CPU
		{3335AF7F-D1B8-4BBF-9B03-30BE2842B236}.Debug|Any CPU.ActiveCfg = Debug|Any CPU
		{3335AF7F-D1B8-4BBF-9B03-30BE2842B236}.Debug|Any CPU.Build.0 = Debug|Any CPU
		{3335AF7F-D1B8-4BBF-9B03-30BE2842B236}.Release|Any CPU.ActiveCfg = Release|Any CPU
		{3335AF7F-D1B8-4BBF-9B03-30BE2842B236}.Release|Any CPU.Build.0 = Release|Any CPU
		{165E2700-005E-47D8-8254-93227B6F9E1A}.Debug|Any CPU.ActiveCfg = Debug|Any CPU
		{165E2700-005E-47D8-8254-93227B6F9E1A}.Debug|Any CPU.Build.0 = Debug|Any CPU
		{165E2700-005E-47D8-8254-93227B6F9E1A}.Release|Any CPU.ActiveCfg = Release|Any CPU
		{165E2700-005E-47D8-8254-93227B6F9E1A}.Release|Any CPU.Build.0 = Release|Any CPU
		{33B65FBB-ED00-4B86-9953-4825276732F4}.Debug|Any CPU.ActiveCfg = Debug|Any CPU
		{33B65FBB-ED00-4B86-9953-4825276732F4}.Debug|Any CPU.Build.0 = Debug|Any CPU
		{33B65FBB-ED00-4B86-9953-4825276732F4}.Release|Any CPU.ActiveCfg = Release|Any CPU
		{33B65FBB-ED00-4B86-9953-4825276732F4}.Release|Any CPU.Build.0 = Release|Any CPU
		{086B8D2F-5AB5-45D2-994A-8E6225347320}.Debug|Any CPU.ActiveCfg = Debug|Any CPU
		{086B8D2F-5AB5-45D2-994A-8E6225347320}.Debug|Any CPU.Build.0 = Debug|Any CPU
		{086B8D2F-5AB5-45D2-994A-8E6225347320}.Release|Any CPU.ActiveCfg = Release|Any CPU
		{086B8D2F-5AB5-45D2-994A-8E6225347320}.Release|Any CPU.Build.0 = Release|Any CPU
		{2B626196-C77E-4449-8CCB-5222EA098DF8}.Debug|Any CPU.ActiveCfg = Debug|Any CPU
		{2B626196-C77E-4449-8CCB-5222EA098DF8}.Debug|Any CPU.Build.0 = Debug|Any CPU
		{2B626196-C77E-4449-8CCB-5222EA098DF8}.Release|Any CPU.ActiveCfg = Release|Any CPU
		{2B626196-C77E-4449-8CCB-5222EA098DF8}.Release|Any CPU.Build.0 = Release|Any CPU
		{A05AC599-4859-4CAC-AEB6-E6A107C2FD26}.Debug|Any CPU.ActiveCfg = Debug|Any CPU
		{A05AC599-4859-4CAC-AEB6-E6A107C2FD26}.Debug|Any CPU.Build.0 = Debug|Any CPU
		{A05AC599-4859-4CAC-AEB6-E6A107C2FD26}.Release|Any CPU.ActiveCfg = Release|Any CPU
		{A05AC599-4859-4CAC-AEB6-E6A107C2FD26}.Release|Any CPU.Build.0 = Release|Any CPU
		{EE21E5E6-CC13-4CE8-A31E-1B0FAC3BD649}.Debug|Any CPU.ActiveCfg = Debug|Any CPU
		{EE21E5E6-CC13-4CE8-A31E-1B0FAC3BD649}.Debug|Any CPU.Build.0 = Debug|Any CPU
		{EE21E5E6-CC13-4CE8-A31E-1B0FAC3BD649}.Release|Any CPU.ActiveCfg = Release|Any CPU
		{EE21E5E6-CC13-4CE8-A31E-1B0FAC3BD649}.Release|Any CPU.Build.0 = Release|Any CPU
		{0765515E-D6EF-4EF8-8B6D-CA3DAAA7BB19}.Debug|Any CPU.ActiveCfg = Debug|Any CPU
		{0765515E-D6EF-4EF8-8B6D-CA3DAAA7BB19}.Debug|Any CPU.Build.0 = Debug|Any CPU
		{0765515E-D6EF-4EF8-8B6D-CA3DAAA7BB19}.Release|Any CPU.ActiveCfg = Release|Any CPU
		{0765515E-D6EF-4EF8-8B6D-CA3DAAA7BB19}.Release|Any CPU.Build.0 = Release|Any CPU
		{6BEF5686-E507-41DF-8391-03DCB585B732}.Debug|Any CPU.ActiveCfg = Debug|Any CPU
		{6BEF5686-E507-41DF-8391-03DCB585B732}.Debug|Any CPU.Build.0 = Debug|Any CPU
		{6BEF5686-E507-41DF-8391-03DCB585B732}.Release|Any CPU.ActiveCfg = Release|Any CPU
		{6BEF5686-E507-41DF-8391-03DCB585B732}.Release|Any CPU.Build.0 = Release|Any CPU
		{A014E969-C61F-477A-B958-5137290A41F4}.Debug|Any CPU.ActiveCfg = Debug|Any CPU
		{A014E969-C61F-477A-B958-5137290A41F4}.Debug|Any CPU.Build.0 = Debug|Any CPU
		{A014E969-C61F-477A-B958-5137290A41F4}.Release|Any CPU.ActiveCfg = Release|Any CPU
		{A014E969-C61F-477A-B958-5137290A41F4}.Release|Any CPU.Build.0 = Release|Any CPU
	EndGlobalSection
	GlobalSection(SolutionProperties) = preSolution
		HideSolutionNode = FALSE
	EndGlobalSection
	GlobalSection(NestedProjects) = preSolution
		{3D4CA6BC-5B31-46D0-936E-404B168EA007} = {7C65EDF0-5D22-4C98-A2D9-F27CF364E88F}
		{6956B6DD-4106-4F35-8905-958AC3F4E656} = {7C65EDF0-5D22-4C98-A2D9-F27CF364E88F}
		{787FACE2-6049-4CAC-9495-B65CD03AB73A} = {7C65EDF0-5D22-4C98-A2D9-F27CF364E88F}
		{CEC35C29-E44B-4B5C-8DDC-F97412CA608D} = {6EEAA1EC-3261-4F7B-8E68-8B17D990EFCB}
		{7AC57F75-A0BA-4C4B-A94A-157416E53EBE} = {6EEAA1EC-3261-4F7B-8E68-8B17D990EFCB}
		{FE60596B-539A-4384-B1B9-7E46C6A4C988} = {6EEAA1EC-3261-4F7B-8E68-8B17D990EFCB}
		{83D5A9D4-33D9-484F-9A45-C7AFA76C598B} = {AF0286D5-CCC9-4912-88CA-AC94039836C1}
		{A613DC5C-7EC1-4FC5-B19C-148F2860CDFE} = {AF0286D5-CCC9-4912-88CA-AC94039836C1}
		{1948EAA0-B5F5-4782-A991-41C62C72886E} = {AF0286D5-CCC9-4912-88CA-AC94039836C1}
		{97599F59-63A3-4504-A744-9F4DCAFA4F74} = {AF0286D5-CCC9-4912-88CA-AC94039836C1}
		{94E510C0-62EB-4897-8B84-F7E8629738D4} = {AF0286D5-CCC9-4912-88CA-AC94039836C1}
		{32D09A9A-1520-438D-A1BA-045C26061183} = {6C84D824-6A1E-4AD1-8200-A4AF650AD1AA}
		{3335AF7F-D1B8-4BBF-9B03-30BE2842B236} = {6C84D824-6A1E-4AD1-8200-A4AF650AD1AA}
		{165E2700-005E-47D8-8254-93227B6F9E1A} = {6C84D824-6A1E-4AD1-8200-A4AF650AD1AA}
		{33B65FBB-ED00-4B86-9953-4825276732F4} = {6C84D824-6A1E-4AD1-8200-A4AF650AD1AA}
		{086B8D2F-5AB5-45D2-994A-8E6225347320} = {6C84D824-6A1E-4AD1-8200-A4AF650AD1AA}
		{2B626196-C77E-4449-8CCB-5222EA098DF8} = {6C84D824-6A1E-4AD1-8200-A4AF650AD1AA}
		{A05AC599-4859-4CAC-AEB6-E6A107C2FD26} = {6C84D824-6A1E-4AD1-8200-A4AF650AD1AA}
		{EE21E5E6-CC13-4CE8-A31E-1B0FAC3BD649} = {815CFB82-7F7C-4018-909F-357BCF337005}
		{0765515E-D6EF-4EF8-8B6D-CA3DAAA7BB19} = {815CFB82-7F7C-4018-909F-357BCF337005}
		{6BEF5686-E507-41DF-8391-03DCB585B732} = {815CFB82-7F7C-4018-909F-357BCF337005}
		{A014E969-C61F-477A-B958-5137290A41F4} = {815CFB82-7F7C-4018-909F-357BCF337005}
	EndGlobalSection
	GlobalSection(ExtensibilityGlobals) = postSolution
		SolutionGuid = {7A637391-9BE8-4FFB-89A5-FE3D885E2739}
	EndGlobalSection
EndGlobal
